
Microsoft Visual Studio Solution File, Format Version 12.00
# Visual Studio Version 17
VisualStudioVersion = 17.11.35327.3
MinimumVisualStudioVersion = 10.0.40219.1
Project("{8BC9CEB8-8B4A-11D0-8D11-00A0C91BC942}") = "Engine", "Engine\Engine.vcxproj", "{DE39BAD9-357F-43E3-81B5-FEF3F04CE9C6}"
EndProject
Project("{8BC9CEB8-8B4A-11D0-8D11-00A0C91BC942}") = "BaseSystem", "BaseSystem\BaseSystem.vcxproj", "{7F11C33C-1225-4EF2-8A67-3E55FE863D29}"
EndProject
Project("{2150E333-8FDC-42A3-9474-1A3956D46DE8}") = "Framework", "Framework", "{18F8A28B-0B06-41E0-9C2B-86B1F20235D1}"
EndProject
Project("{2150E333-8FDC-42A3-9474-1A3956D46DE8}") = "Game", "Game", "{2A37594A-E427-4BFA-B57E-E70405A36E26}"
EndProject
Project("{8BC9CEB8-8B4A-11D0-8D11-00A0C91BC942}") = "Tetris", "Tetris\Tetris.vcxproj", "{C1C553DE-B0A0-4F69-8EC4-F197B95F16F1}"
EndProject
Project("{2150E333-8FDC-42A3-9474-1A3956D46DE8}") = "Contents", "Contents", "{6682A77E-D5D2-4B98-BEC0-3364263426E1}"
EndProject
Project("{8BC9CEB8-8B4A-11D0-8D11-00A0C91BC942}") = "App", "App\App.vcxproj", "{5802A212-3E7B-468B-B093-7A9AE5BBF273}"
EndProject
Project("{8BC9CEB8-8B4A-11D0-8D11-00A0C91BC942}") = "Galaga", "Galaga\Galaga.vcxproj", "{525935D9-0377-4D32-9CAD-FCF29DA878AA}"
EndProject
Global
	GlobalSection(SolutionConfigurationPlatforms) = preSolution
		Debug|x64 = Debug|x64
		Debug|x86 = Debug|x86
		Release|x64 = Release|x64
		Release|x86 = Release|x86
	EndGlobalSection
	GlobalSection(ProjectConfigurationPlatforms) = postSolution
		{DE39BAD9-357F-43E3-81B5-FEF3F04CE9C6}.Debug|x64.ActiveCfg = Debug|x64
		{DE39BAD9-357F-43E3-81B5-FEF3F04CE9C6}.Debug|x64.Build.0 = Debug|x64
		{DE39BAD9-357F-43E3-81B5-FEF3F04CE9C6}.Debug|x86.ActiveCfg = Debug|Win32
		{DE39BAD9-357F-43E3-81B5-FEF3F04CE9C6}.Debug|x86.Build.0 = Debug|Win32
		{DE39BAD9-357F-43E3-81B5-FEF3F04CE9C6}.Release|x64.ActiveCfg = Release|x64
		{DE39BAD9-357F-43E3-81B5-FEF3F04CE9C6}.Release|x64.Build.0 = Release|x64
		{DE39BAD9-357F-43E3-81B5-FEF3F04CE9C6}.Release|x86.ActiveCfg = Release|Win32
		{DE39BAD9-357F-43E3-81B5-FEF3F04CE9C6}.Release|x86.Build.0 = Release|Win32
		{7F11C33C-1225-4EF2-8A67-3E55FE863D29}.Debug|x64.ActiveCfg = Debug|x64
		{7F11C33C-1225-4EF2-8A67-3E55FE863D29}.Debug|x64.Build.0 = Debug|x64
		{7F11C33C-1225-4EF2-8A67-3E55FE863D29}.Debug|x86.ActiveCfg = Debug|Win32
		{7F11C33C-1225-4EF2-8A67-3E55FE863D29}.Debug|x86.Build.0 = Debug|Win32
		{7F11C33C-1225-4EF2-8A67-3E55FE863D29}.Release|x64.ActiveCfg = Release|x64
		{7F11C33C-1225-4EF2-8A67-3E55FE863D29}.Release|x64.Build.0 = Release|x64
		{7F11C33C-1225-4EF2-8A67-3E55FE863D29}.Release|x86.ActiveCfg = Release|Win32
		{7F11C33C-1225-4EF2-8A67-3E55FE863D29}.Release|x86.Build.0 = Release|Win32
		{C1C553DE-B0A0-4F69-8EC4-F197B95F16F1}.Debug|x64.ActiveCfg = Debug|x64
		{C1C553DE-B0A0-4F69-8EC4-F197B95F16F1}.Debug|x64.Build.0 = Debug|x64
		{C1C553DE-B0A0-4F69-8EC4-F197B95F16F1}.Debug|x86.ActiveCfg = Debug|Win32
		{C1C553DE-B0A0-4F69-8EC4-F197B95F16F1}.Debug|x86.Build.0 = Debug|Win32
		{C1C553DE-B0A0-4F69-8EC4-F197B95F16F1}.Release|x64.ActiveCfg = Release|x64
		{C1C553DE-B0A0-4F69-8EC4-F197B95F16F1}.Release|x64.Build.0 = Release|x64
		{C1C553DE-B0A0-4F69-8EC4-F197B95F16F1}.Release|x86.ActiveCfg = Release|Win32
		{C1C553DE-B0A0-4F69-8EC4-F197B95F16F1}.Release|x86.Build.0 = Release|Win32
		{5802A212-3E7B-468B-B093-7A9AE5BBF273}.Debug|x64.ActiveCfg = Debug|x64
		{5802A212-3E7B-468B-B093-7A9AE5BBF273}.Debug|x64.Build.0 = Debug|x64
		{5802A212-3E7B-468B-B093-7A9AE5BBF273}.Debug|x86.ActiveCfg = Debug|Win32
		{5802A212-3E7B-468B-B093-7A9AE5BBF273}.Debug|x86.Build.0 = Debug|Win32
		{5802A212-3E7B-468B-B093-7A9AE5BBF273}.Release|x64.ActiveCfg = Release|x64
		{5802A212-3E7B-468B-B093-7A9AE5BBF273}.Release|x64.Build.0 = Release|x64
		{5802A212-3E7B-468B-B093-7A9AE5BBF273}.Release|x86.ActiveCfg = Release|Win32
		{5802A212-3E7B-468B-B093-7A9AE5BBF273}.Release|x86.Build.0 = Release|Win32
		{525935D9-0377-4D32-9CAD-FCF29DA878AA}.Debug|x64.ActiveCfg = Debug|x64
		{525935D9-0377-4D32-9CAD-FCF29DA878AA}.Debug|x64.Build.0 = Debug|x64
		{525935D9-0377-4D32-9CAD-FCF29DA878AA}.Debug|x86.ActiveCfg = Debug|Win32
		{525935D9-0377-4D32-9CAD-FCF29DA878AA}.Debug|x86.Build.0 = Debug|Win32
		{525935D9-0377-4D32-9CAD-FCF29DA878AA}.Release|x64.ActiveCfg = Release|x64
		{525935D9-0377-4D32-9CAD-FCF29DA878AA}.Release|x64.Build.0 = Release|x64
		{525935D9-0377-4D32-9CAD-FCF29DA878AA}.Release|x86.ActiveCfg = Release|Win32
		{525935D9-0377-4D32-9CAD-FCF29DA878AA}.Release|x86.Build.0 = Release|Win32
	EndGlobalSection
	GlobalSection(SolutionProperties) = preSolution
		HideSolutionNode = FALSE
	EndGlobalSection
	GlobalSection(NestedProjects) = preSolution
		{DE39BAD9-357F-43E3-81B5-FEF3F04CE9C6} = {18F8A28B-0B06-41E0-9C2B-86B1F20235D1}
		{7F11C33C-1225-4EF2-8A67-3E55FE863D29} = {18F8A28B-0B06-41E0-9C2B-86B1F20235D1}
		{C1C553DE-B0A0-4F69-8EC4-F197B95F16F1} = {6682A77E-D5D2-4B98-BEC0-3364263426E1}
		{5802A212-3E7B-468B-B093-7A9AE5BBF273} = {2A37594A-E427-4BFA-B57E-E70405A36E26}
		{525935D9-0377-4D32-9CAD-FCF29DA878AA} = {6682A77E-D5D2-4B98-BEC0-3364263426E1}
	EndGlobalSection
	GlobalSection(ExtensibilityGlobals) = postSolution
		SolutionGuid = {E8002979-7578-498B-90B1-B1A1A399582E}
	EndGlobalSection
EndGlobal
