<?xml version="1.0" encoding="utf-8"?>
<Project ToolsVersion="4.0" xmlns="http://schemas.microsoft.com/developer/msbuild/2003">
  <ItemGroup>
    <Filter Include="Debug">
      <UniqueIdentifier>{fae06563-e328-4258-8f80-abaeae930aef}</UniqueIdentifier>
    </Filter>
    <Filter Include="IO">
      <UniqueIdentifier>{9bc40a8d-820f-488c-b819-ce4ff61ed413}</UniqueIdentifier>
    </Filter>
    <Filter Include="Math">
      <UniqueIdentifier>{f37a637f-594b-4108-8537-150c3f06914f}</UniqueIdentifier>
    </Filter>
  </ItemGroup>
  <ItemGroup>
    <ClCompile Include="Sources\DebugHelper\Debug.cpp">
      <Filter>Debug</Filter>
    </ClCompile>
    <ClCompile Include="Sources\IO\File.cpp">
      <Filter>IO</Filter>
    </ClCompile>
    <ClCompile Include="Sources\Math\Math.cpp">
      <Filter>Math</Filter>
    </ClCompile>
  </ItemGroup>
  <ItemGroup>
    <ClInclude Include="Sources\DebugHelper\Debug.h">
      <Filter>Debug</Filter>
    </ClInclude>
    <ClInclude Include="Sources\IO\File.h">
      <Filter>IO</Filter>
    </ClInclude>
    <ClInclude Include="Sources\Math\Math.h">
      <Filter>Math</Filter>
    </ClInclude>
  </ItemGroup>
</Project>